
Microsoft Visual Studio Solution File, Format Version 12.00
# Visual Studio 14
VisualStudioVersion = 14.0.25420.1
MinimumVisualStudioVersion = 10.0.40219.1
Project("{FAE04EC0-301F-11D3-BF4B-00C04F79EFBC}") = "Exercise31_10_2016", "Exercise31_10_2016\Exercise31_10_2016.csproj", "{50BE6834-E3DE-4FEA-B864-7B6C939D7DDA}"
EndProject
Global
	GlobalSection(SolutionConfigurationPlatforms) = preSolution
		Debug|Any CPU = Debug|Any CPU
		Release|Any CPU = Release|Any CPU
	EndGlobalSection
	GlobalSection(ProjectConfigurationPlatforms) = postSolution
		{50BE6834-E3DE-4FEA-B864-7B6C939D7DDA}.Debug|Any CPU.ActiveCfg = Debug|Any CPU
		{50BE6834-E3DE-4FEA-B864-7B6C939D7DDA}.Debug|Any CPU.Build.0 = Debug|Any CPU
		{50BE6834-E3DE-4FEA-B864-7B6C939D7DDA}.Release|Any CPU.ActiveCfg = Release|Any CPU
		{50BE6834-E3DE-4FEA-B864-7B6C939D7DDA}.Release|Any CPU.Build.0 = Release|Any CPU
	EndGlobalSection
	GlobalSection(SolutionProperties) = preSolution
		HideSolutionNode = FALSE
	EndGlobalSection
EndGlobal
