
Microsoft Visual Studio Solution File, Format Version 12.00
# Visual Studio 14
VisualStudioVersion = 14.0.25420.1
MinimumVisualStudioVersion = 10.0.40219.1
Project("{FAE04EC0-301F-11D3-BF4B-00C04F79EFBC}") = "Client", "Week34Exercise3\Client.csproj", "{C4DA3836-E8CA-49B4-9C58-9905EF310058}"
EndProject
Project("{FAE04EC0-301F-11D3-BF4B-00C04F79EFBC}") = "Server", "Server\Server.csproj", "{489B52FC-0434-43BE-B7F6-BAD52229E0CF}"
EndProject
Global
	GlobalSection(SolutionConfigurationPlatforms) = preSolution
		Debug|Any CPU = Debug|Any CPU
		Release|Any CPU = Release|Any CPU
	EndGlobalSection
	GlobalSection(ProjectConfigurationPlatforms) = postSolution
		{C4DA3836-E8CA-49B4-9C58-9905EF310058}.Debug|Any CPU.ActiveCfg = Debug|Any CPU
		{C4DA3836-E8CA-49B4-9C58-9905EF310058}.Debug|Any CPU.Build.0 = Debug|Any CPU
		{C4DA3836-E8CA-49B4-9C58-9905EF310058}.Release|Any CPU.ActiveCfg = Release|Any CPU
		{C4DA3836-E8CA-49B4-9C58-9905EF310058}.Release|Any CPU.Build.0 = Release|Any CPU
		{489B52FC-0434-43BE-B7F6-BAD52229E0CF}.Debug|Any CPU.ActiveCfg = Debug|Any CPU
		{489B52FC-0434-43BE-B7F6-BAD52229E0CF}.Debug|Any CPU.Build.0 = Debug|Any CPU
		{489B52FC-0434-43BE-B7F6-BAD52229E0CF}.Release|Any CPU.ActiveCfg = Release|Any CPU
		{489B52FC-0434-43BE-B7F6-BAD52229E0CF}.Release|Any CPU.Build.0 = Release|Any CPU
	EndGlobalSection
	GlobalSection(SolutionProperties) = preSolution
		HideSolutionNode = FALSE
	EndGlobalSection
EndGlobal
